// !$*UTF8*$!
{
	archiveVersion = 1;
	classes = {
	};
	objectVersion = 46;
	objects = {

/* Begin PBXBuildFile section */
		4678D5F91EA458B400955E84 /* README.md in Sources */ = {isa = PBXBuildFile; fileRef = 4678D5F81EA458B400955E84 /* README.md */; };
		4678D6071EA4594700955E84 /* main.c in Sources */ = {isa = PBXBuildFile; fileRef = 4678D5FB1EA458BF00955E84 /* main.c */; };
/* End PBXBuildFile section */

/* Begin PBXCopyFilesBuildPhase section */
		4678D5EB1EA4588000955E84 /* CopyFiles */ = {
			isa = PBXCopyFilesBuildPhase;
			buildActionMask = 2147483647;
			dstPath = /usr/share/man/man1/;
			dstSubfolderSpec = 0;
			files = (
			);
			runOnlyForDeploymentPostprocessing = 1;
		};
/* End PBXCopyFilesBuildPhase section */

/* Begin PBXFileReference section */
		4678D5ED1EA4588000955E84 /* CodeGolf */ = {isa = PBXFileReference; explicitFileType = "compiled.mach-o.executable"; includeInIndex = 0; path = CodeGolf; sourceTree = BUILT_PRODUCTS_DIR; };
		4678D5F71EA458B400955E84 /* LICENSE.txt */ = {isa = PBXFileReference; fileEncoding = 4; lastKnownFileType = text; path = LICENSE.txt; sourceTree = "<group>"; };
		4678D5F81EA458B400955E84 /* README.md */ = {isa = PBXFileReference; fileEncoding = 4; lastKnownFileType = net.daringfireball.markdown; path = README.md; sourceTree = "<group>"; };
		4678D5FB1EA458BF00955E84 /* main.c */ = {isa = PBXFileReference; lastKnownFileType = sourcecode.c.c; path = main.c; sourceTree = "<group>"; };
		4678D5FC1EA458BF00955E84 /* minunit.h */ = {isa = PBXFileReference; lastKnownFileType = sourcecode.c.h; path = minunit.h; sourceTree = "<group>"; };
		4678D5FE1EA458BF00955E84 /* chunk_reverse.h */ = {isa = PBXFileReference; lastKnownFileType = sourcecode.c.h; path = chunk_reverse.h; sourceTree = "<group>"; };
		4678D5FF1EA458BF00955E84 /* deciph4r4ng.h */ = {isa = PBXFileReference; lastKnownFileType = sourcecode.c.h; path = deciph4r4ng.h; sourceTree = "<group>"; };
		4678D6001EA458BF00955E84 /* deep_dish_pizza.h */ = {isa = PBXFileReference; lastKnownFileType = sourcecode.c.h; path = deep_dish_pizza.h; sourceTree = "<group>"; };
		4678D6011EA458BF00955E84 /* easter_egg.h */ = {isa = PBXFileReference; lastKnownFileType = sourcecode.c.h; path = easter_egg.h; sourceTree = "<group>"; };
		4678D6021EA458BF00955E84 /* enciph5r47g.h */ = {isa = PBXFileReference; lastKnownFileType = sourcecode.c.h; path = enciph5r47g.h; sourceTree = "<group>"; };
		4678D6031EA458BF00955E84 /* external_golfs.h */ = {isa = PBXFileReference; lastKnownFileType = sourcecode.c.h; path = external_golfs.h; sourceTree = "<group>"; };
		4678D6041EA458BF00955E84 /* hellu.py */ = {isa = PBXFileReference; lastKnownFileType = text.script.python; path = hellu.py; sourceTree = "<group>"; };
		4678D6061EA458BF00955E84 /* statics.h */ = {isa = PBXFileReference; lastKnownFileType = sourcecode.c.h; path = statics.h; sourceTree = "<group>"; };
		4678D6081EA459F900955E84 /* .gitignore */ = {isa = PBXFileReference; fileEncoding = 4; lastKnownFileType = text; path = .gitignore; sourceTree = "<group>"; };
/* End PBXFileReference section */

/* Begin PBXFrameworksBuildPhase section */
		4678D5EA1EA4588000955E84 /* Frameworks */ = {
			isa = PBXFrameworksBuildPhase;
			buildActionMask = 2147483647;
			files = (
			);
			runOnlyForDeploymentPostprocessing = 0;
		};
/* End PBXFrameworksBuildPhase section */

/* Begin PBXGroup section */
		4678D5E41EA4588000955E84 = {
			isa = PBXGroup;
			children = (
				4678D6081EA459F900955E84 /* .gitignore */,
				4678D5F71EA458B400955E84 /* LICENSE.txt */,
				4678D5F81EA458B400955E84 /* README.md */,
				4678D5FA1EA458BF00955E84 /* framework */,
				4678D5FD1EA458BF00955E84 /* golfs */,
				4678D6051EA458BF00955E84 /* statics */,
				4678D5EE1EA4588000955E84 /* Products */,
			);
			sourceTree = "<group>";
		};
		4678D5EE1EA4588000955E84 /* Products */ = {
			isa = PBXGroup;
			children = (
				4678D5ED1EA4588000955E84 /* CodeGolf */,
			);
			name = Products;
			sourceTree = "<group>";
		};
		4678D5FA1EA458BF00955E84 /* framework */ = {
			isa = PBXGroup;
			children = (
				4678D5FB1EA458BF00955E84 /* main.c */,
				4678D5FC1EA458BF00955E84 /* minunit.h */,
			);
			path = framework;
			sourceTree = "<group>";
		};
		4678D5FD1EA458BF00955E84 /* golfs */ = {
			isa = PBXGroup;
			children = (
				4678D5FE1EA458BF00955E84 /* chunk_reverse.h */,
				4678D5FF1EA458BF00955E84 /* deciph4r4ng.h */,
				4678D6001EA458BF00955E84 /* deep_dish_pizza.h */,
				4678D6011EA458BF00955E84 /* easter_egg.h */,
				4678D6021EA458BF00955E84 /* enciph5r47g.h */,
				4678D6031EA458BF00955E84 /* external_golfs.h */,
				4678D6041EA458BF00955E84 /* hellu.py */,
			);
			path = golfs;
			sourceTree = "<group>";
		};
		4678D6051EA458BF00955E84 /* statics */ = {
			isa = PBXGroup;
			children = (
				4678D6061EA458BF00955E84 /* statics.h */,
			);
			path = statics;
			sourceTree = "<group>";
		};
/* End PBXGroup section */

/* Begin PBXNativeTarget section */
		4678D5EC1EA4588000955E84 /* CodeGolf */ = {
			isa = PBXNativeTarget;
			buildConfigurationList = 4678D5F41EA4588000955E84 /* Build configuration list for PBXNativeTarget "CodeGolf" */;
			buildPhases = (
				4678D5E91EA4588000955E84 /* Sources */,
				4678D5EA1EA4588000955E84 /* Frameworks */,
				4678D5EB1EA4588000955E84 /* CopyFiles */,
			);
			buildRules = (
			);
			dependencies = (
			);
			name = CodeGolf;
			productName = CodeGolf;
			productReference = 4678D5ED1EA4588000955E84 /* CodeGolf */;
			productType = "com.apple.product-type.tool";
		};
/* End PBXNativeTarget section */

/* Begin PBXProject section */
		4678D5E51EA4588000955E84 /* Project object */ = {
			isa = PBXProject;
			attributes = {
				LastUpgradeCheck = 0830;
				ORGANIZATIONNAME = "Ian McLinden";
				TargetAttributes = {
					4678D5EC1EA4588000955E84 = {
						CreatedOnToolsVersion = 8.3.1;
						ProvisioningStyle = Automatic;
					};
				};
			};
			buildConfigurationList = 4678D5E81EA4588000955E84 /* Build configuration list for PBXProject "CodeGolf" */;
			compatibilityVersion = "Xcode 3.2";
			developmentRegion = English;
			hasScannedForEncodings = 0;
			knownRegions = (
				en,
			);
			mainGroup = 4678D5E41EA4588000955E84;
			productRefGroup = 4678D5EE1EA4588000955E84 /* Products */;
			projectDirPath = "";
			projectRoot = "";
			targets = (
				4678D5EC1EA4588000955E84 /* CodeGolf */,
			);
		};
/* End PBXProject section */

/* Begin PBXSourcesBuildPhase section */
		4678D5E91EA4588000955E84 /* Sources */ = {
			isa = PBXSourcesBuildPhase;
			buildActionMask = 2147483647;
			files = (
				4678D6071EA4594700955E84 /* main.c in Sources */,
				4678D5F91EA458B400955E84 /* README.md in Sources */,
			);
			runOnlyForDeploymentPostprocessing = 0;
		};
/* End PBXSourcesBuildPhase section */

/* Begin XCBuildConfiguration section */
		4678D5F21EA4588000955E84 /* Debug */ = {
			isa = XCBuildConfiguration;
			buildSettings = {
				ALWAYS_SEARCH_USER_PATHS = NO;
				CLANG_ANALYZER_NONNULL = YES;
				CLANG_ANALYZER_NUMBER_OBJECT_CONVERSION = YES_AGGRESSIVE;
				CLANG_CXX_LANGUAGE_STANDARD = "gnu++0x";
				CLANG_CXX_LIBRARY = "libc++";
				CLANG_ENABLE_MODULES = YES;
				CLANG_ENABLE_OBJC_ARC = YES;
				CLANG_WARN_BOOL_CONVERSION = YES;
				CLANG_WARN_CONSTANT_CONVERSION = YES;
				CLANG_WARN_DIRECT_OBJC_ISA_USAGE = YES_ERROR;
				CLANG_WARN_DOCUMENTATION_COMMENTS = YES;
				CLANG_WARN_EMPTY_BODY = YES;
				CLANG_WARN_ENUM_CONVERSION = YES;
				CLANG_WARN_INFINITE_RECURSION = YES;
				CLANG_WARN_INT_CONVERSION = YES;
				CLANG_WARN_OBJC_ROOT_CLASS = YES_ERROR;
				CLANG_WARN_SUSPICIOUS_MOVE = YES;
				CLANG_WARN_UNREACHABLE_CODE = YES;
				CLANG_WARN__DUPLICATE_METHOD_MATCH = YES;
				CODE_SIGN_IDENTITY = "-";
				COPY_PHASE_STRIP = NO;
				DEBUG_INFORMATION_FORMAT = dwarf;
				ENABLE_STRICT_OBJC_MSGSEND = YES;
				ENABLE_TESTABILITY = YES;
				GCC_C_LANGUAGE_STANDARD = gnu99;
				GCC_DYNAMIC_NO_PIC = NO;
				GCC_NO_COMMON_BLOCKS = YES;
				GCC_OPTIMIZATION_LEVEL = 0;
				GCC_PREPROCESSOR_DEFINITIONS = (
					"DEBUG=1",
					"$(inherited)",
				);
				GCC_WARN_64_TO_32_BIT_CONVERSION = YES;
				GCC_WARN_ABOUT_RETURN_TYPE = YES_ERROR;
				GCC_WARN_UNDECLARED_SELECTOR = YES;
				GCC_WARN_UNINITIALIZED_AUTOS = YES_AGGRESSIVE;
				GCC_WARN_UNUSED_FUNCTION = YES;
				GCC_WARN_UNUSED_VARIABLE = YES;
				MACOSX_DEPLOYMENT_TARGET = 10.12;
				MTL_ENABLE_DEBUG_INFO = YES;
				ONLY_ACTIVE_ARCH = YES;
				SDKROOT = macosx;
			};
			name = Debug;
		};
		4678D5F31EA4588000955E84 /* Release */ = {
			isa = XCBuildConfiguration;
			buildSettings = {
				ALWAYS_SEARCH_USER_PATHS = NO;
				CLANG_ANALYZER_NONNULL = YES;
				CLANG_ANALYZER_NUMBER_OBJECT_CONVERSION = YES_AGGRESSIVE;
				CLANG_CXX_LANGUAGE_STANDARD = "gnu++0x";
				CLANG_CXX_LIBRARY = "libc++";
				CLANG_ENABLE_MODULES = YES;
				CLANG_ENABLE_OBJC_ARC = YES;
				CLANG_WARN_BOOL_CONVERSION = YES;
				CLANG_WARN_CONSTANT_CONVERSION = YES;
				CLANG_WARN_DIRECT_OBJC_ISA_USAGE = YES_ERROR;
				CLANG_WARN_DOCUMENTATION_COMMENTS = YES;
				CLANG_WARN_EMPTY_BODY = YES;
				CLANG_WARN_ENUM_CONVERSION = YES;
				CLANG_WARN_INFINITE_RECURSION = YES;
				CLANG_WARN_INT_CONVERSION = YES;
				CLANG_WARN_OBJC_ROOT_CLASS = YES_ERROR;
				CLANG_WARN_SUSPICIOUS_MOVE = YES;
				CLANG_WARN_UNREACHABLE_CODE = YES;
				CLANG_WARN__DUPLICATE_METHOD_MATCH = YES;
				CODE_SIGN_IDENTITY = "-";
				COPY_PHASE_STRIP = NO;
				DEBUG_INFORMATION_FORMAT = "dwarf-with-dsym";
				ENABLE_NS_ASSERTIONS = NO;
				ENABLE_STRICT_OBJC_MSGSEND = YES;
				GCC_C_LANGUAGE_STANDARD = gnu99;
				GCC_NO_COMMON_BLOCKS = YES;
				GCC_WARN_64_TO_32_BIT_CONVERSION = YES;
				GCC_WARN_ABOUT_RETURN_TYPE = YES_ERROR;
				GCC_WARN_UNDECLARED_SELECTOR = YES;
				GCC_WARN_UNINITIALIZED_AUTOS = YES_AGGRESSIVE;
				GCC_WARN_UNUSED_FUNCTION = YES;
				GCC_WARN_UNUSED_VARIABLE = YES;
				MACOSX_DEPLOYMENT_TARGET = 10.12;
				MTL_ENABLE_DEBUG_INFO = NO;
				SDKROOT = macosx;
			};
			name = Release;
		};
		4678D5F51EA4588000955E84 /* Debug */ = {
			isa = XCBuildConfiguration;
			buildSettings = {
				PRODUCT_NAME = "$(TARGET_NAME)";
			};
			name = Debug;
		};
		4678D5F61EA4588000955E84 /* Release */ = {
			isa = XCBuildConfiguration;
			buildSettings = {
				PRODUCT_NAME = "$(TARGET_NAME)";
			};
			name = Release;
		};
/* End XCBuildConfiguration section */

/* Begin XCConfigurationList section */
		4678D5E81EA4588000955E84 /* Build configuration list for PBXProject "CodeGolf" */ = {
			isa = XCConfigurationList;
			buildConfigurations = (
				4678D5F21EA4588000955E84 /* Debug */,
				4678D5F31EA4588000955E84 /* Release */,
			);
			defaultConfigurationIsVisible = 0;
			defaultConfigurationName = Release;
		};
		4678D5F41EA4588000955E84 /* Build configuration list for PBXNativeTarget "CodeGolf" */ = {
			isa = XCConfigurationList;
			buildConfigurations = (
				4678D5F51EA4588000955E84 /* Debug */,
				4678D5F61EA4588000955E84 /* Release */,
			);
			defaultConfigurationIsVisible = 0;
			defaultConfigurationName = Release;
		};
/* End XCConfigurationList section */
	};
	rootObject = 4678D5E51EA4588000955E84 /* Project object */;
}
